// !$*UTF8*$!
{
	archiveVersion = 1;
	classes = {
	};
	objectVersion = 56;
	objects = {

/* Begin PBXBuildFile section */
		8402ED092992D9530099FBB7 /* Profile.json in Resources */ = {isa = PBXBuildFile; fileRef = 8402ED082992D9530099FBB7 /* Profile.json */; };
		8402ED0F2992DACF0099FBB7 /* ApiErrorData.swift in Sources */ = {isa = PBXBuildFile; fileRef = 8402ED0E2992DACF0099FBB7 /* ApiErrorData.swift */; };
		8402ED112992DB6B0099FBB7 /* ResponseBody.swift in Sources */ = {isa = PBXBuildFile; fileRef = 8402ED102992DB6B0099FBB7 /* ResponseBody.swift */; };
		8402ED132992E31F0099FBB7 /* Assembly+ApiClient.swift in Sources */ = {isa = PBXBuildFile; fileRef = 8402ED122992E31F0099FBB7 /* Assembly+ApiClient.swift */; };
		8412542E29CCD22500664879 /* GothamSSm-BlackItalic.ttf in Resources */ = {isa = PBXBuildFile; fileRef = 8412542D29CCD22400664879 /* GothamSSm-BlackItalic.ttf */; };
		8412543029CCD5CF00664879 /* GothamSSm-Medium.ttf in Resources */ = {isa = PBXBuildFile; fileRef = 8412542F29CCD5CF00664879 /* GothamSSm-Medium.ttf */; };
		8412543229CD6B5C00664879 /* AuthSocialMediaButton.swift in Sources */ = {isa = PBXBuildFile; fileRef = 8412543129CD6B5C00664879 /* AuthSocialMediaButton.swift */; };
		84342A8729CD8DCF00E104E3 /* GothamSSm-Book.ttf in Resources */ = {isa = PBXBuildFile; fileRef = 84342A8629CD8DCF00E104E3 /* GothamSSm-Book.ttf */; };
		844C1A4C299649610094F412 /* ApiClient.swift in Sources */ = {isa = PBXBuildFile; fileRef = 844C1A4B299649610094F412 /* ApiClient.swift */; };
		844C1A5B2997A2310094F412 /* Task2.swift in Sources */ = {isa = PBXBuildFile; fileRef = 844C1A5A2997A2310094F412 /* Task2.swift */; };
		844C1A5D2997A2530094F412 /* Task3.swift in Sources */ = {isa = PBXBuildFile; fileRef = 844C1A5C2997A2530094F412 /* Task3.swift */; };
		844C1A5F2997A25C0094F412 /* Task4.swift in Sources */ = {isa = PBXBuildFile; fileRef = 844C1A5E2997A25C0094F412 /* Task4.swift */; };
		8458110529A2295300870870 /* ProfileResponseData.swift in Sources */ = {isa = PBXBuildFile; fileRef = 8458110429A2295300870870 /* ProfileResponseData.swift */; };
		8458110729A3257400870870 /* Assembly+Homework.swift in Sources */ = {isa = PBXBuildFile; fileRef = 8458110629A3257400870870 /* Assembly+Homework.swift */; };
		8458110C29A3415500870870 /* Date+Formatter.swift in Sources */ = {isa = PBXBuildFile; fileRef = 8458110B29A3415500870870 /* Date+Formatter.swift */; };
		8458110E29A3415E00870870 /* String+Formatter.swift in Sources */ = {isa = PBXBuildFile; fileRef = 8458110D29A3415E00870870 /* String+Formatter.swift */; };
		8458113529AC735E00870870 /* BootstrapDataProvider.swift in Sources */ = {isa = PBXBuildFile; fileRef = 8458113429AC735E00870870 /* BootstrapDataProvider.swift */; };
		8458113729AC738600870870 /* City.json in Resources */ = {isa = PBXBuildFile; fileRef = 8458113629AC738600870870 /* City.json */; };
		8458113B29AC747000870870 /* City.swift in Sources */ = {isa = PBXBuildFile; fileRef = 8458113A29AC747000870870 /* City.swift */; };
		8458113D29AC853800870870 /* CityResponseData.swift in Sources */ = {isa = PBXBuildFile; fileRef = 8458113C29AC853800870870 /* CityResponseData.swift */; };
		8458114A29ACEF3100870870 /* Assembly+DispatchGroup.swift in Sources */ = {isa = PBXBuildFile; fileRef = 8458114929ACEF3100870870 /* Assembly+DispatchGroup.swift */; };
		8458114C29ACEF7000870870 /* Assembly+BootstrapDataProvider.swift in Sources */ = {isa = PBXBuildFile; fileRef = 8458114B29ACEF7000870870 /* Assembly+BootstrapDataProvider.swift */; };
		8458114E29ACEFDC00870870 /* Task5.swift in Sources */ = {isa = PBXBuildFile; fileRef = 8458114D29ACEFDC00870870 /* Task5.swift */; };
		845F3A3C29D8237A0085F892 /* AuthController.swift in Sources */ = {isa = PBXBuildFile; fileRef = 845F3A3B29D8237A0085F892 /* AuthController.swift */; };
		845F3A3E29D823BA0085F892 /* BaseViewController.swift in Sources */ = {isa = PBXBuildFile; fileRef = 845F3A3D29D823BA0085F892 /* BaseViewController.swift */; };
		845F3A4029D827220085F892 /* AuthProvider.swift in Sources */ = {isa = PBXBuildFile; fileRef = 845F3A3F29D827220085F892 /* AuthProvider.swift */; };
		845F3A4229D827A20085F892 /* AuthCoordinator.swift in Sources */ = {isa = PBXBuildFile; fileRef = 845F3A4129D827A20085F892 /* AuthCoordinator.swift */; };
		845F3A4529D828420085F892 /* Assembly+Controllers.swift in Sources */ = {isa = PBXBuildFile; fileRef = 845F3A4429D828420085F892 /* Assembly+Controllers.swift */; };
		845F3A4729D828970085F892 /* AuthViewImp.swift in Sources */ = {isa = PBXBuildFile; fileRef = 845F3A4629D828970085F892 /* AuthViewImp.swift */; };
		845F3A4929D82F090085F892 /* Assembly+Coordinators.swift in Sources */ = {isa = PBXBuildFile; fileRef = 845F3A4829D82F090085F892 /* Assembly+Coordinators.swift */; };
		845F3A4F29DC9F130085F892 /* VerificationViewImp.swift in Sources */ = {isa = PBXBuildFile; fileRef = 845F3A4E29DC9F130085F892 /* VerificationViewImp.swift */; };
		845F3A5329DD40730085F892 /* VerificationController.swift in Sources */ = {isa = PBXBuildFile; fileRef = 845F3A5229DD40730085F892 /* VerificationController.swift */; };
		845F3A5529DD466D0085F892 /* VerificationCoordinator.swift in Sources */ = {isa = PBXBuildFile; fileRef = 845F3A5429DD466D0085F892 /* VerificationCoordinator.swift */; };
		845F3A5E29DD9F610085F892 /* AppCoordinator.swift in Sources */ = {isa = PBXBuildFile; fileRef = 845F3A5D29DD9F610085F892 /* AppCoordinator.swift */; };
		845F3A6029DDB09A0085F892 /* VerificationTextField.swift in Sources */ = {isa = PBXBuildFile; fileRef = 845F3A5F29DDB09A0085F892 /* VerificationTextField.swift */; };
		845F3A6329E5254D0085F892 /* BaseCoordinator.swift in Sources */ = {isa = PBXBuildFile; fileRef = 845F3A6229E5254D0085F892 /* BaseCoordinator.swift */; };
		845F3A6529E545930085F892 /* AuthView.swift in Sources */ = {isa = PBXBuildFile; fileRef = 845F3A6429E545930085F892 /* AuthView.swift */; };
		845F3A6729E5E74A0085F892 /* KeyboardableViewInput.swift in Sources */ = {isa = PBXBuildFile; fileRef = 845F3A6629E5E74A0085F892 /* KeyboardableViewInput.swift */; };
		845F3A6D29E6749C0085F892 /* VerificationView.swift in Sources */ = {isa = PBXBuildFile; fileRef = 845F3A6C29E6749C0085F892 /* VerificationView.swift */; };
		8479AF2829A0BC4C001EED09 /* Assembly+Coding.swift in Sources */ = {isa = PBXBuildFile; fileRef = 8479AF2729A0BC4C001EED09 /* Assembly+Coding.swift */; };
		848EB46329C217BD0039D48D /* AuthTextField.swift in Sources */ = {isa = PBXBuildFile; fileRef = 848EB46229C217BD0039D48D /* AuthTextField.swift */; };
		849158B42986E24000368BAE /* AppDelegate.swift in Sources */ = {isa = PBXBuildFile; fileRef = 849158B32986E24000368BAE /* AppDelegate.swift */; };
		849158B62986E24000368BAE /* SceneDelegate.swift in Sources */ = {isa = PBXBuildFile; fileRef = 849158B52986E24000368BAE /* SceneDelegate.swift */; };
		849158BD2986E24100368BAE /* Assets.xcassets in Resources */ = {isa = PBXBuildFile; fileRef = 849158BC2986E24100368BAE /* Assets.xcassets */; };
		849158C02986E24200368BAE /* LaunchScreen.storyboard in Resources */ = {isa = PBXBuildFile; fileRef = 849158BE2986E24100368BAE /* LaunchScreen.storyboard */; };
		84A57FE3298ABD0300A8B201 /* Profile.swift in Sources */ = {isa = PBXBuildFile; fileRef = 84A57FE2298ABD0300A8B201 /* Profile.swift */; };
		84A57FE6298AC2CA00A8B201 /* DataStorage.swift in Sources */ = {isa = PBXBuildFile; fileRef = 84A57FE5298AC2CA00A8B201 /* DataStorage.swift */; };
		84A57FE8298AC36000A8B201 /* UserDefaultsStorage.swift in Sources */ = {isa = PBXBuildFile; fileRef = 84A57FE7298AC36000A8B201 /* UserDefaultsStorage.swift */; };
		84A57FEA298AC60800A8B201 /* Assembly+DataStrorage.swift in Sources */ = {isa = PBXBuildFile; fileRef = 84A57FE9298AC60800A8B201 /* Assembly+DataStrorage.swift */; };
		84A57FED298B88F400A8B201 /* Assembly.swift in Sources */ = {isa = PBXBuildFile; fileRef = 84A57FEC298B88F400A8B201 /* Assembly.swift */; };
		C313F1D929F2AEE400EEA0E6 /* PhoneTextFieldView.swift in Sources */ = {isa = PBXBuildFile; fileRef = C313F1D829F2AEE400EEA0E6 /* PhoneTextFieldView.swift */; };
		C313F1DB29F2AEF600EEA0E6 /* PhoneTextFieldViewImp.swift in Sources */ = {isa = PBXBuildFile; fileRef = C313F1DA29F2AEF600EEA0E6 /* PhoneTextFieldViewImp.swift */; };
		C313F1DD29F2AF0500EEA0E6 /* PhoneTextFieldController.swift in Sources */ = {isa = PBXBuildFile; fileRef = C313F1DC29F2AF0500EEA0E6 /* PhoneTextFieldController.swift */; };
		C313F1DF29F2AF1300EEA0E6 /* PhoneTextFieldCoordinator.swift in Sources */ = {isa = PBXBuildFile; fileRef = C313F1DE29F2AF1300EEA0E6 /* PhoneTextFieldCoordinator.swift */; };
		C368DBEB29F15D3800C4DE31 /* Coordinator.swift in Sources */ = {isa = PBXBuildFile; fileRef = C368DBEA29F15D3800C4DE31 /* Coordinator.swift */; };
		C386E86829F51FA1001D9FCF /* ProductCell.swift in Sources */ = {isa = PBXBuildFile; fileRef = C386E86729F51FA1001D9FCF /* ProductCell.swift */; };
		C386E86B29F51FCE001D9FCF /* CatalogCoordinator.swift in Sources */ = {isa = PBXBuildFile; fileRef = C386E86A29F51FCE001D9FCF /* CatalogCoordinator.swift */; };
		C386E86D29F51FED001D9FCF /* CatalogController.swift in Sources */ = {isa = PBXBuildFile; fileRef = C386E86C29F51FED001D9FCF /* CatalogController.swift */; };
		C386E86F29F51FFA001D9FCF /* CatalogView.swift in Sources */ = {isa = PBXBuildFile; fileRef = C386E86E29F51FFA001D9FCF /* CatalogView.swift */; };
		C386E87129F52008001D9FCF /* CatalogViewImp.swift in Sources */ = {isa = PBXBuildFile; fileRef = C386E87029F52008001D9FCF /* CatalogViewImp.swift */; };
		C3E13AFF29F6990100DB9E30 /* GothamSSm-Bold.otf in Resources */ = {isa = PBXBuildFile; fileRef = C3E13AFE29F6990100DB9E30 /* GothamSSm-Bold.otf */; };
/* End PBXBuildFile section */

/* Begin PBXFileReference section */
		8402ED082992D9530099FBB7 /* Profile.json */ = {isa = PBXFileReference; lastKnownFileType = text.json; path = Profile.json; sourceTree = "<group>"; };
		8402ED0E2992DACF0099FBB7 /* ApiErrorData.swift */ = {isa = PBXFileReference; lastKnownFileType = sourcecode.swift; path = ApiErrorData.swift; sourceTree = "<group>"; };
		8402ED102992DB6B0099FBB7 /* ResponseBody.swift */ = {isa = PBXFileReference; lastKnownFileType = sourcecode.swift; path = ResponseBody.swift; sourceTree = "<group>"; };
		8402ED122992E31F0099FBB7 /* Assembly+ApiClient.swift */ = {isa = PBXFileReference; lastKnownFileType = sourcecode.swift; path = "Assembly+ApiClient.swift"; sourceTree = "<group>"; };
		8412542D29CCD22400664879 /* GothamSSm-BlackItalic.ttf */ = {isa = PBXFileReference; lastKnownFileType = file; path = "GothamSSm-BlackItalic.ttf"; sourceTree = "<group>"; };
		8412542F29CCD5CF00664879 /* GothamSSm-Medium.ttf */ = {isa = PBXFileReference; lastKnownFileType = file; path = "GothamSSm-Medium.ttf"; sourceTree = "<group>"; };
		8412543129CD6B5C00664879 /* AuthSocialMediaButton.swift */ = {isa = PBXFileReference; lastKnownFileType = sourcecode.swift; path = AuthSocialMediaButton.swift; sourceTree = "<group>"; };
		84342A8629CD8DCF00E104E3 /* GothamSSm-Book.ttf */ = {isa = PBXFileReference; lastKnownFileType = file; path = "GothamSSm-Book.ttf"; sourceTree = "<group>"; };
		844C1A4B299649610094F412 /* ApiClient.swift */ = {isa = PBXFileReference; lastKnownFileType = sourcecode.swift; path = ApiClient.swift; sourceTree = "<group>"; };
		844C1A5A2997A2310094F412 /* Task2.swift */ = {isa = PBXFileReference; lastKnownFileType = sourcecode.swift; path = Task2.swift; sourceTree = "<group>"; };
		844C1A5C2997A2530094F412 /* Task3.swift */ = {isa = PBXFileReference; lastKnownFileType = sourcecode.swift; path = Task3.swift; sourceTree = "<group>"; };
		844C1A5E2997A25C0094F412 /* Task4.swift */ = {isa = PBXFileReference; lastKnownFileType = sourcecode.swift; path = Task4.swift; sourceTree = "<group>"; };
		8458110429A2295300870870 /* ProfileResponseData.swift */ = {isa = PBXFileReference; lastKnownFileType = sourcecode.swift; path = ProfileResponseData.swift; sourceTree = "<group>"; };
		8458110629A3257400870870 /* Assembly+Homework.swift */ = {isa = PBXFileReference; lastKnownFileType = sourcecode.swift; path = "Assembly+Homework.swift"; sourceTree = "<group>"; };
		8458110B29A3415500870870 /* Date+Formatter.swift */ = {isa = PBXFileReference; lastKnownFileType = sourcecode.swift; path = "Date+Formatter.swift"; sourceTree = "<group>"; };
		8458110D29A3415E00870870 /* String+Formatter.swift */ = {isa = PBXFileReference; lastKnownFileType = sourcecode.swift; path = "String+Formatter.swift"; sourceTree = "<group>"; };
		8458113429AC735E00870870 /* BootstrapDataProvider.swift */ = {isa = PBXFileReference; lastKnownFileType = sourcecode.swift; path = BootstrapDataProvider.swift; sourceTree = "<group>"; };
		8458113629AC738600870870 /* City.json */ = {isa = PBXFileReference; lastKnownFileType = text.json; path = City.json; sourceTree = "<group>"; };
		8458113A29AC747000870870 /* City.swift */ = {isa = PBXFileReference; lastKnownFileType = sourcecode.swift; path = City.swift; sourceTree = "<group>"; };
		8458113C29AC853800870870 /* CityResponseData.swift */ = {isa = PBXFileReference; lastKnownFileType = sourcecode.swift; path = CityResponseData.swift; sourceTree = "<group>"; };
		8458114929ACEF3100870870 /* Assembly+DispatchGroup.swift */ = {isa = PBXFileReference; lastKnownFileType = sourcecode.swift; path = "Assembly+DispatchGroup.swift"; sourceTree = "<group>"; };
		8458114B29ACEF7000870870 /* Assembly+BootstrapDataProvider.swift */ = {isa = PBXFileReference; lastKnownFileType = sourcecode.swift; path = "Assembly+BootstrapDataProvider.swift"; sourceTree = "<group>"; };
		8458114D29ACEFDC00870870 /* Task5.swift */ = {isa = PBXFileReference; lastKnownFileType = sourcecode.swift; path = Task5.swift; sourceTree = "<group>"; };
		845F3A3B29D8237A0085F892 /* AuthController.swift */ = {isa = PBXFileReference; lastKnownFileType = sourcecode.swift; path = AuthController.swift; sourceTree = "<group>"; };
		845F3A3D29D823BA0085F892 /* BaseViewController.swift */ = {isa = PBXFileReference; lastKnownFileType = sourcecode.swift; path = BaseViewController.swift; sourceTree = "<group>"; };
		845F3A3F29D827220085F892 /* AuthProvider.swift */ = {isa = PBXFileReference; lastKnownFileType = sourcecode.swift; path = AuthProvider.swift; sourceTree = "<group>"; };
		845F3A4129D827A20085F892 /* AuthCoordinator.swift */ = {isa = PBXFileReference; lastKnownFileType = sourcecode.swift; path = AuthCoordinator.swift; sourceTree = "<group>"; };
		845F3A4429D828420085F892 /* Assembly+Controllers.swift */ = {isa = PBXFileReference; lastKnownFileType = sourcecode.swift; path = "Assembly+Controllers.swift"; sourceTree = "<group>"; };
		845F3A4629D828970085F892 /* AuthViewImp.swift */ = {isa = PBXFileReference; lastKnownFileType = sourcecode.swift; path = AuthViewImp.swift; sourceTree = "<group>"; };
		845F3A4829D82F090085F892 /* Assembly+Coordinators.swift */ = {isa = PBXFileReference; lastKnownFileType = sourcecode.swift; path = "Assembly+Coordinators.swift"; sourceTree = "<group>"; };
		845F3A4E29DC9F130085F892 /* VerificationViewImp.swift */ = {isa = PBXFileReference; lastKnownFileType = sourcecode.swift; path = VerificationViewImp.swift; sourceTree = "<group>"; };
		845F3A5229DD40730085F892 /* VerificationController.swift */ = {isa = PBXFileReference; lastKnownFileType = sourcecode.swift; path = VerificationController.swift; sourceTree = "<group>"; };
		845F3A5429DD466D0085F892 /* VerificationCoordinator.swift */ = {isa = PBXFileReference; lastKnownFileType = sourcecode.swift; path = VerificationCoordinator.swift; sourceTree = "<group>"; };
		845F3A5D29DD9F610085F892 /* AppCoordinator.swift */ = {isa = PBXFileReference; lastKnownFileType = sourcecode.swift; path = AppCoordinator.swift; sourceTree = "<group>"; };
		845F3A5F29DDB09A0085F892 /* VerificationTextField.swift */ = {isa = PBXFileReference; lastKnownFileType = sourcecode.swift; path = VerificationTextField.swift; sourceTree = "<group>"; };
		845F3A6229E5254D0085F892 /* BaseCoordinator.swift */ = {isa = PBXFileReference; lastKnownFileType = sourcecode.swift; path = BaseCoordinator.swift; sourceTree = "<group>"; };
		845F3A6429E545930085F892 /* AuthView.swift */ = {isa = PBXFileReference; lastKnownFileType = sourcecode.swift; path = AuthView.swift; sourceTree = "<group>"; };
		845F3A6629E5E74A0085F892 /* KeyboardableViewInput.swift */ = {isa = PBXFileReference; lastKnownFileType = sourcecode.swift; path = KeyboardableViewInput.swift; sourceTree = "<group>"; };
		845F3A6C29E6749C0085F892 /* VerificationView.swift */ = {isa = PBXFileReference; lastKnownFileType = sourcecode.swift; path = VerificationView.swift; sourceTree = "<group>"; };
		8479AF2729A0BC4C001EED09 /* Assembly+Coding.swift */ = {isa = PBXFileReference; lastKnownFileType = sourcecode.swift; path = "Assembly+Coding.swift"; sourceTree = "<group>"; };
		848EB46229C217BD0039D48D /* AuthTextField.swift */ = {isa = PBXFileReference; lastKnownFileType = sourcecode.swift; path = AuthTextField.swift; sourceTree = "<group>"; };
		849158B02986E24000368BAE /* HaHdevSchool.app */ = {isa = PBXFileReference; explicitFileType = wrapper.application; includeInIndex = 0; path = HaHdevSchool.app; sourceTree = BUILT_PRODUCTS_DIR; };
		849158B32986E24000368BAE /* AppDelegate.swift */ = {isa = PBXFileReference; lastKnownFileType = sourcecode.swift; path = AppDelegate.swift; sourceTree = "<group>"; };
		849158B52986E24000368BAE /* SceneDelegate.swift */ = {isa = PBXFileReference; lastKnownFileType = sourcecode.swift; path = SceneDelegate.swift; sourceTree = "<group>"; };
		849158BC2986E24100368BAE /* Assets.xcassets */ = {isa = PBXFileReference; lastKnownFileType = folder.assetcatalog; path = Assets.xcassets; sourceTree = "<group>"; };
		849158BF2986E24100368BAE /* Base */ = {isa = PBXFileReference; lastKnownFileType = file.storyboard; name = Base; path = Base.lproj/LaunchScreen.storyboard; sourceTree = "<group>"; };
		849158C12986E24200368BAE /* Info.plist */ = {isa = PBXFileReference; lastKnownFileType = text.plist.xml; path = Info.plist; sourceTree = "<group>"; };
		84A57FE2298ABD0300A8B201 /* Profile.swift */ = {isa = PBXFileReference; lastKnownFileType = sourcecode.swift; path = Profile.swift; sourceTree = "<group>"; };
		84A57FE5298AC2CA00A8B201 /* DataStorage.swift */ = {isa = PBXFileReference; lastKnownFileType = sourcecode.swift; path = DataStorage.swift; sourceTree = "<group>"; };
		84A57FE7298AC36000A8B201 /* UserDefaultsStorage.swift */ = {isa = PBXFileReference; lastKnownFileType = sourcecode.swift; path = UserDefaultsStorage.swift; sourceTree = "<group>"; };
		84A57FE9298AC60800A8B201 /* Assembly+DataStrorage.swift */ = {isa = PBXFileReference; lastKnownFileType = sourcecode.swift; path = "Assembly+DataStrorage.swift"; sourceTree = "<group>"; };
		84A57FEC298B88F400A8B201 /* Assembly.swift */ = {isa = PBXFileReference; lastKnownFileType = sourcecode.swift; path = Assembly.swift; sourceTree = "<group>"; };
		C313F1D829F2AEE400EEA0E6 /* PhoneTextFieldView.swift */ = {isa = PBXFileReference; lastKnownFileType = sourcecode.swift; path = PhoneTextFieldView.swift; sourceTree = "<group>"; };
		C313F1DA29F2AEF600EEA0E6 /* PhoneTextFieldViewImp.swift */ = {isa = PBXFileReference; lastKnownFileType = sourcecode.swift; path = PhoneTextFieldViewImp.swift; sourceTree = "<group>"; };
		C313F1DC29F2AF0500EEA0E6 /* PhoneTextFieldController.swift */ = {isa = PBXFileReference; lastKnownFileType = sourcecode.swift; path = PhoneTextFieldController.swift; sourceTree = "<group>"; };
		C313F1DE29F2AF1300EEA0E6 /* PhoneTextFieldCoordinator.swift */ = {isa = PBXFileReference; lastKnownFileType = sourcecode.swift; path = PhoneTextFieldCoordinator.swift; sourceTree = "<group>"; };
		C368DBEA29F15D3800C4DE31 /* Coordinator.swift */ = {isa = PBXFileReference; lastKnownFileType = sourcecode.swift; path = Coordinator.swift; sourceTree = "<group>"; };
		C386E86729F51FA1001D9FCF /* ProductCell.swift */ = {isa = PBXFileReference; lastKnownFileType = sourcecode.swift; path = ProductCell.swift; sourceTree = "<group>"; };
		C386E86A29F51FCE001D9FCF /* CatalogCoordinator.swift */ = {isa = PBXFileReference; lastKnownFileType = sourcecode.swift; path = CatalogCoordinator.swift; sourceTree = "<group>"; };
		C386E86C29F51FED001D9FCF /* CatalogController.swift */ = {isa = PBXFileReference; lastKnownFileType = sourcecode.swift; path = CatalogController.swift; sourceTree = "<group>"; };
		C386E86E29F51FFA001D9FCF /* CatalogView.swift */ = {isa = PBXFileReference; lastKnownFileType = sourcecode.swift; path = CatalogView.swift; sourceTree = "<group>"; };
		C386E87029F52008001D9FCF /* CatalogViewImp.swift */ = {isa = PBXFileReference; lastKnownFileType = sourcecode.swift; path = CatalogViewImp.swift; sourceTree = "<group>"; };
		C3E13AFE29F6990100DB9E30 /* GothamSSm-Bold.otf */ = {isa = PBXFileReference; lastKnownFileType = file; path = "GothamSSm-Bold.otf"; sourceTree = "<group>"; };
/* End PBXFileReference section */

/* Begin PBXFrameworksBuildPhase section */
		849158AD2986E24000368BAE /* Frameworks */ = {
			isa = PBXFrameworksBuildPhase;
			buildActionMask = 2147483647;
			files = (
			);
			runOnlyForDeploymentPostprocessing = 0;
		};
/* End PBXFrameworksBuildPhase section */

/* Begin PBXGroup section */
		8402ED052992D8620099FBB7 /* ApiClient */ = {
			isa = PBXGroup;
			children = (
				844C1A4B299649610094F412 /* ApiClient.swift */,
			);
			path = ApiClient;
			sourceTree = "<group>";
		};
		8412542C29CCD1BC00664879 /* Font */ = {
			isa = PBXGroup;
			children = (
				8412542D29CCD22400664879 /* GothamSSm-BlackItalic.ttf */,
				8412542F29CCD5CF00664879 /* GothamSSm-Medium.ttf */,
				84342A8629CD8DCF00E104E3 /* GothamSSm-Book.ttf */,
				C3E13AFE29F6990100DB9E30 /* GothamSSm-Bold.otf */,
			);
			path = Font;
			sourceTree = "<group>";
		};
		844C1A592997A21D0094F412 /* Homework */ = {
			isa = PBXGroup;
			children = (
				844C1A5A2997A2310094F412 /* Task2.swift */,
				844C1A5C2997A2530094F412 /* Task3.swift */,
				844C1A5E2997A25C0094F412 /* Task4.swift */,
				8458114D29ACEFDC00870870 /* Task5.swift */,
			);
			path = Homework;
			sourceTree = "<group>";
		};
		8458110A29A3414000870870 /* Extensions */ = {
			isa = PBXGroup;
			children = (
				8458110B29A3415500870870 /* Date+Formatter.swift */,
				8458110D29A3415E00870870 /* String+Formatter.swift */,
			);
			path = Extensions;
			sourceTree = "<group>";
		};
		8458113329AC733100870870 /* BootstrapDataProvider */ = {
			isa = PBXGroup;
			children = (
				8458113429AC735E00870870 /* BootstrapDataProvider.swift */,
			);
			path = BootstrapDataProvider;
			sourceTree = "<group>";
		};
		845F3A3929D822F30085F892 /* M<V>C+C */ = {
			isa = PBXGroup;
			children = (
				845F3A6829E672D00085F892 /* Screens */,
				C386E86529F512AE001D9FCF /* Components */,
				C368DBEA29F15D3800C4DE31 /* Coordinator.swift */,
				845F3A6229E5254D0085F892 /* BaseCoordinator.swift */,
				845F3A5D29DD9F610085F892 /* AppCoordinator.swift */,
				845F3A3D29D823BA0085F892 /* BaseViewController.swift */,
				845F3A6629E5E74A0085F892 /* KeyboardableViewInput.swift */,
				845F3A3F29D827220085F892 /* AuthProvider.swift */,
			);
			path = "M<V>C+C";
			sourceTree = "<group>";
		};
		845F3A6829E672D00085F892 /* Screens */ = {
			isa = PBXGroup;
			children = (
				C386E86629F51F85001D9FCF /* Catalog */,
				845F3A6929E672DE0085F892 /* Auth */,
				845F3A6A29E673280085F892 /* Verification */,
			);
			path = Screens;
			sourceTree = "<group>";
		};
		845F3A6929E672DE0085F892 /* Auth */ = {
			isa = PBXGroup;
			children = (
				845F3A6429E545930085F892 /* AuthView.swift */,
				845F3A4629D828970085F892 /* AuthViewImp.swift */,
				845F3A3B29D8237A0085F892 /* AuthController.swift */,
				845F3A4129D827A20085F892 /* AuthCoordinator.swift */,
			);
			path = Auth;
			sourceTree = "<group>";
		};
		845F3A6A29E673280085F892 /* Verification */ = {
			isa = PBXGroup;
			children = (
				845F3A6C29E6749C0085F892 /* VerificationView.swift */,
				845F3A4E29DC9F130085F892 /* VerificationViewImp.swift */,
				845F3A5229DD40730085F892 /* VerificationController.swift */,
				845F3A5429DD466D0085F892 /* VerificationCoordinator.swift */,
			);
			path = Verification;
			sourceTree = "<group>";
		};
		8479AF2629A0A7BC001EED09 /* Utils */ = {
			isa = PBXGroup;
			children = (
				845F3A3929D822F30085F892 /* M<V>C+C */,
				849158B32986E24000368BAE /* AppDelegate.swift */,
				849158B52986E24000368BAE /* SceneDelegate.swift */,
				849158BC2986E24100368BAE /* Assets.xcassets */,
				849158BE2986E24100368BAE /* LaunchScreen.storyboard */,
				849158C12986E24200368BAE /* Info.plist */,
			);
			path = Utils;
			sourceTree = "<group>";
		};
		849158A72986E24000368BAE = {
			isa = PBXGroup;
			children = (
				849158B22986E24000368BAE /* HaHdevSchool */,
				849158B12986E24000368BAE /* Products */,
			);
			sourceTree = "<group>";
		};
		849158B12986E24000368BAE /* Products */ = {
			isa = PBXGroup;
			children = (
				849158B02986E24000368BAE /* HaHdevSchool.app */,
			);
			name = Products;
			sourceTree = "<group>";
		};
		849158B22986E24000368BAE /* HaHdevSchool */ = {
			isa = PBXGroup;
			children = (
				8412542C29CCD1BC00664879 /* Font */,
				8458113329AC733100870870 /* BootstrapDataProvider */,
				844C1A592997A21D0094F412 /* Homework */,
				84F4CE4D29896F6700BB5D31 /* Resources */,
				8402ED052992D8620099FBB7 /* ApiClient */,
				84A57FE4298AC2B100A8B201 /* DataStorage */,
				8458110A29A3414000870870 /* Extensions */,
				84A57FE1298ABCDC00A8B201 /* Entities */,
				84A57FF0298BB0FE00A8B201 /* Assembly */,
				8479AF2629A0A7BC001EED09 /* Utils */,
			);
			path = HaHdevSchool;
			sourceTree = "<group>";
		};
		84A57FE1298ABCDC00A8B201 /* Entities */ = {
			isa = PBXGroup;
			children = (
				8402ED102992DB6B0099FBB7 /* ResponseBody.swift */,
				8402ED0E2992DACF0099FBB7 /* ApiErrorData.swift */,
				84A57FE2298ABD0300A8B201 /* Profile.swift */,
				8458110429A2295300870870 /* ProfileResponseData.swift */,
				8458113A29AC747000870870 /* City.swift */,
				8458113C29AC853800870870 /* CityResponseData.swift */,
			);
			path = Entities;
			sourceTree = "<group>";
		};
		84A57FE4298AC2B100A8B201 /* DataStorage */ = {
			isa = PBXGroup;
			children = (
				84A57FE5298AC2CA00A8B201 /* DataStorage.swift */,
				84A57FE7298AC36000A8B201 /* UserDefaultsStorage.swift */,
			);
			path = DataStorage;
			sourceTree = "<group>";
		};
		84A57FF0298BB0FE00A8B201 /* Assembly */ = {
			isa = PBXGroup;
			children = (
				84A57FEC298B88F400A8B201 /* Assembly.swift */,
				8458110629A3257400870870 /* Assembly+Homework.swift */,
				8402ED122992E31F0099FBB7 /* Assembly+ApiClient.swift */,
				8479AF2729A0BC4C001EED09 /* Assembly+Coding.swift */,
				84A57FE9298AC60800A8B201 /* Assembly+DataStrorage.swift */,
				8458114929ACEF3100870870 /* Assembly+DispatchGroup.swift */,
				8458114B29ACEF7000870870 /* Assembly+BootstrapDataProvider.swift */,
				845F3A4429D828420085F892 /* Assembly+Controllers.swift */,
				845F3A4829D82F090085F892 /* Assembly+Coordinators.swift */,
			);
			path = Assembly;
			sourceTree = "<group>";
		};
		84F4CE4D29896F6700BB5D31 /* Resources */ = {
			isa = PBXGroup;
			children = (
				8402ED082992D9530099FBB7 /* Profile.json */,
				8458113629AC738600870870 /* City.json */,
			);
			path = Resources;
			sourceTree = "<group>";
		};
		C313F1D729F2AEB200EEA0E6 /* PhoneTextField */ = {
			isa = PBXGroup;
			children = (
				C313F1D829F2AEE400EEA0E6 /* PhoneTextFieldView.swift */,
				C313F1DA29F2AEF600EEA0E6 /* PhoneTextFieldViewImp.swift */,
				C313F1DC29F2AF0500EEA0E6 /* PhoneTextFieldController.swift */,
				C313F1DE29F2AF1300EEA0E6 /* PhoneTextFieldCoordinator.swift */,
			);
			path = PhoneTextField;
			sourceTree = "<group>";
		};
		C386E86529F512AE001D9FCF /* Components */ = {
			isa = PBXGroup;
			children = (
				C313F1D729F2AEB200EEA0E6 /* PhoneTextField */,
				845F3A5F29DDB09A0085F892 /* VerificationTextField.swift */,
				8412543129CD6B5C00664879 /* AuthSocialMediaButton.swift */,
				848EB46229C217BD0039D48D /* AuthTextField.swift */,
			);
			path = Components;
			sourceTree = "<group>";
		};
		C386E86629F51F85001D9FCF /* Catalog */ = {
			isa = PBXGroup;
			children = (
				C386E86929F51FAD001D9FCF /* Subviews */,
				C386E86E29F51FFA001D9FCF /* CatalogView.swift */,
				C386E87029F52008001D9FCF /* CatalogViewImp.swift */,
				C386E86C29F51FED001D9FCF /* CatalogController.swift */,
				C386E86A29F51FCE001D9FCF /* CatalogCoordinator.swift */,
			);
			path = Catalog;
			sourceTree = "<group>";
		};
		C386E86929F51FAD001D9FCF /* Subviews */ = {
			isa = PBXGroup;
			children = (
				C386E86729F51FA1001D9FCF /* ProductCell.swift */,
			);
			path = Subviews;
			sourceTree = "<group>";
		};
/* End PBXGroup section */

/* Begin PBXNativeTarget section */
		849158AF2986E24000368BAE /* HaHdevSchool */ = {
			isa = PBXNativeTarget;
			buildConfigurationList = 849158C42986E24200368BAE /* Build configuration list for PBXNativeTarget "HaHdevSchool" */;
			buildPhases = (
				849158AC2986E24000368BAE /* Sources */,
				849158AD2986E24000368BAE /* Frameworks */,
				849158AE2986E24000368BAE /* Resources */,
			);
			buildRules = (
			);
			dependencies = (
			);
			name = HaHdevSchool;
			productName = hw2;
			productReference = 849158B02986E24000368BAE /* HaHdevSchool.app */;
			productType = "com.apple.product-type.application";
		};
/* End PBXNativeTarget section */

/* Begin PBXProject section */
		849158A82986E24000368BAE /* Project object */ = {
			isa = PBXProject;
			attributes = {
				BuildIndependentTargetsInParallel = 1;
				LastSwiftUpdateCheck = 1420;
				LastUpgradeCheck = 1420;
				TargetAttributes = {
					849158AF2986E24000368BAE = {
						CreatedOnToolsVersion = 14.2;
					};
				};
			};
			buildConfigurationList = 849158AB2986E24000368BAE /* Build configuration list for PBXProject "HaHdevSchool" */;
			compatibilityVersion = "Xcode 14.0";
			developmentRegion = en;
			hasScannedForEncodings = 0;
			knownRegions = (
				en,
				Base,
			);
			mainGroup = 849158A72986E24000368BAE;
			productRefGroup = 849158B12986E24000368BAE /* Products */;
			projectDirPath = "";
			projectRoot = "";
			targets = (
				849158AF2986E24000368BAE /* HaHdevSchool */,
			);
		};
/* End PBXProject section */

/* Begin PBXResourcesBuildPhase section */
		849158AE2986E24000368BAE /* Resources */ = {
			isa = PBXResourcesBuildPhase;
			buildActionMask = 2147483647;
			files = (
				8402ED092992D9530099FBB7 /* Profile.json in Resources */,
				84342A8729CD8DCF00E104E3 /* GothamSSm-Book.ttf in Resources */,
				C3E13AFF29F6990100DB9E30 /* GothamSSm-Bold.otf in Resources */,
				8412543029CCD5CF00664879 /* GothamSSm-Medium.ttf in Resources */,
				849158C02986E24200368BAE /* LaunchScreen.storyboard in Resources */,
				8412542E29CCD22500664879 /* GothamSSm-BlackItalic.ttf in Resources */,
				849158BD2986E24100368BAE /* Assets.xcassets in Resources */,
				8458113729AC738600870870 /* City.json in Resources */,
			);
			runOnlyForDeploymentPostprocessing = 0;
		};
/* End PBXResourcesBuildPhase section */

/* Begin PBXSourcesBuildPhase section */
		849158AC2986E24000368BAE /* Sources */ = {
			isa = PBXSourcesBuildPhase;
			buildActionMask = 2147483647;
			files = (
				8402ED0F2992DACF0099FBB7 /* ApiErrorData.swift in Sources */,
				C313F1DD29F2AF0500EEA0E6 /* PhoneTextFieldController.swift in Sources */,
				845F3A4029D827220085F892 /* AuthProvider.swift in Sources */,
				844C1A4C299649610094F412 /* ApiClient.swift in Sources */,
				84A57FE6298AC2CA00A8B201 /* DataStorage.swift in Sources */,
				8412543229CD6B5C00664879 /* AuthSocialMediaButton.swift in Sources */,
				84A57FEA298AC60800A8B201 /* Assembly+DataStrorage.swift in Sources */,
				845F3A3E29D823BA0085F892 /* BaseViewController.swift in Sources */,
				8402ED132992E31F0099FBB7 /* Assembly+ApiClient.swift in Sources */,
				845F3A5329DD40730085F892 /* VerificationController.swift in Sources */,
				84A57FE3298ABD0300A8B201 /* Profile.swift in Sources */,
				845F3A6029DDB09A0085F892 /* VerificationTextField.swift in Sources */,
				8458114E29ACEFDC00870870 /* Task5.swift in Sources */,
				8458110C29A3415500870870 /* Date+Formatter.swift in Sources */,
				C386E86F29F51FFA001D9FCF /* CatalogView.swift in Sources */,
				845F3A6529E545930085F892 /* AuthView.swift in Sources */,
				845F3A5529DD466D0085F892 /* VerificationCoordinator.swift in Sources */,
				8458110729A3257400870870 /* Assembly+Homework.swift in Sources */,
				845F3A5E29DD9F610085F892 /* AppCoordinator.swift in Sources */,
				8458113529AC735E00870870 /* BootstrapDataProvider.swift in Sources */,
				845F3A6D29E6749C0085F892 /* VerificationView.swift in Sources */,
				844C1A5F2997A25C0094F412 /* Task4.swift in Sources */,
				845F3A4F29DC9F130085F892 /* VerificationViewImp.swift in Sources */,
				849158B42986E24000368BAE /* AppDelegate.swift in Sources */,
				845F3A4929D82F090085F892 /* Assembly+Coordinators.swift in Sources */,
				845F3A6329E5254D0085F892 /* BaseCoordinator.swift in Sources */,
				845F3A4229D827A20085F892 /* AuthCoordinator.swift in Sources */,
				C386E86829F51FA1001D9FCF /* ProductCell.swift in Sources */,
				8458114A29ACEF3100870870 /* Assembly+DispatchGroup.swift in Sources */,
				8479AF2829A0BC4C001EED09 /* Assembly+Coding.swift in Sources */,
				845F3A4729D828970085F892 /* AuthViewImp.swift in Sources */,
				C368DBEB29F15D3800C4DE31 /* Coordinator.swift in Sources */,
				848EB46329C217BD0039D48D /* AuthTextField.swift in Sources */,
				8402ED112992DB6B0099FBB7 /* ResponseBody.swift in Sources */,
				845F3A4529D828420085F892 /* Assembly+Controllers.swift in Sources */,
				C313F1DF29F2AF1300EEA0E6 /* PhoneTextFieldCoordinator.swift in Sources */,
				844C1A5B2997A2310094F412 /* Task2.swift in Sources */,
				8458113D29AC853800870870 /* CityResponseData.swift in Sources */,
				84A57FE8298AC36000A8B201 /* UserDefaultsStorage.swift in Sources */,
				8458114C29ACEF7000870870 /* Assembly+BootstrapDataProvider.swift in Sources */,
				C386E86D29F51FED001D9FCF /* CatalogController.swift in Sources */,
				844C1A5D2997A2530094F412 /* Task3.swift in Sources */,
				C386E87129F52008001D9FCF /* CatalogViewImp.swift in Sources */,
				84A57FED298B88F400A8B201 /* Assembly.swift in Sources */,
				C313F1DB29F2AEF600EEA0E6 /* PhoneTextFieldViewImp.swift in Sources */,
				8458113B29AC747000870870 /* City.swift in Sources */,
				845F3A3C29D8237A0085F892 /* AuthController.swift in Sources */,
				845F3A6729E5E74A0085F892 /* KeyboardableViewInput.swift in Sources */,
				C313F1D929F2AEE400EEA0E6 /* PhoneTextFieldView.swift in Sources */,
				8458110529A2295300870870 /* ProfileResponseData.swift in Sources */,
				8458110E29A3415E00870870 /* String+Formatter.swift in Sources */,
				849158B62986E24000368BAE /* SceneDelegate.swift in Sources */,
				C386E86B29F51FCE001D9FCF /* CatalogCoordinator.swift in Sources */,
			);
			runOnlyForDeploymentPostprocessing = 0;
		};
/* End PBXSourcesBuildPhase section */

/* Begin PBXVariantGroup section */
		849158BE2986E24100368BAE /* LaunchScreen.storyboard */ = {
			isa = PBXVariantGroup;
			children = (
				849158BF2986E24100368BAE /* Base */,
			);
			name = LaunchScreen.storyboard;
			sourceTree = "<group>";
		};
/* End PBXVariantGroup section */

/* Begin XCBuildConfiguration section */
		849158C22986E24200368BAE /* Debug */ = {
			isa = XCBuildConfiguration;
			buildSettings = {
				ALWAYS_SEARCH_USER_PATHS = NO;
				CLANG_ANALYZER_NONNULL = YES;
				CLANG_ANALYZER_NUMBER_OBJECT_CONVERSION = YES_AGGRESSIVE;
				CLANG_CXX_LANGUAGE_STANDARD = "gnu++20";
				CLANG_ENABLE_MODULES = YES;
				CLANG_ENABLE_OBJC_ARC = YES;
				CLANG_ENABLE_OBJC_WEAK = YES;
				CLANG_WARN_BLOCK_CAPTURE_AUTORELEASING = YES;
				CLANG_WARN_BOOL_CONVERSION = YES;
				CLANG_WARN_COMMA = YES;
				CLANG_WARN_CONSTANT_CONVERSION = YES;
				CLANG_WARN_DEPRECATED_OBJC_IMPLEMENTATIONS = YES;
				CLANG_WARN_DIRECT_OBJC_ISA_USAGE = YES_ERROR;
				CLANG_WARN_DOCUMENTATION_COMMENTS = YES;
				CLANG_WARN_EMPTY_BODY = YES;
				CLANG_WARN_ENUM_CONVERSION = YES;
				CLANG_WARN_INFINITE_RECURSION = YES;
				CLANG_WARN_INT_CONVERSION = YES;
				CLANG_WARN_NON_LITERAL_NULL_CONVERSION = YES;
				CLANG_WARN_OBJC_IMPLICIT_RETAIN_SELF = YES;
				CLANG_WARN_OBJC_LITERAL_CONVERSION = YES;
				CLANG_WARN_OBJC_ROOT_CLASS = YES_ERROR;
				CLANG_WARN_QUOTED_INCLUDE_IN_FRAMEWORK_HEADER = YES;
				CLANG_WARN_RANGE_LOOP_ANALYSIS = YES;
				CLANG_WARN_STRICT_PROTOTYPES = YES;
				CLANG_WARN_SUSPICIOUS_MOVE = YES;
				CLANG_WARN_UNGUARDED_AVAILABILITY = YES_AGGRESSIVE;
				CLANG_WARN_UNREACHABLE_CODE = YES;
				CLANG_WARN__DUPLICATE_METHOD_MATCH = YES;
				COPY_PHASE_STRIP = NO;
				DEBUG_INFORMATION_FORMAT = dwarf;
				ENABLE_STRICT_OBJC_MSGSEND = YES;
				ENABLE_TESTABILITY = YES;
				GCC_C_LANGUAGE_STANDARD = gnu11;
				GCC_DYNAMIC_NO_PIC = NO;
				GCC_NO_COMMON_BLOCKS = YES;
				GCC_OPTIMIZATION_LEVEL = 0;
				GCC_PREPROCESSOR_DEFINITIONS = (
					"DEBUG=1",
					"$(inherited)",
				);
				GCC_WARN_64_TO_32_BIT_CONVERSION = YES;
				GCC_WARN_ABOUT_RETURN_TYPE = YES_ERROR;
				GCC_WARN_UNDECLARED_SELECTOR = YES;
				GCC_WARN_UNINITIALIZED_AUTOS = YES_AGGRESSIVE;
				GCC_WARN_UNUSED_FUNCTION = YES;
				GCC_WARN_UNUSED_VARIABLE = YES;
				IPHONEOS_DEPLOYMENT_TARGET = 16.2;
				MTL_ENABLE_DEBUG_INFO = INCLUDE_SOURCE;
				MTL_FAST_MATH = YES;
				ONLY_ACTIVE_ARCH = YES;
				SDKROOT = iphoneos;
				SWIFT_ACTIVE_COMPILATION_CONDITIONS = DEBUG;
				SWIFT_OPTIMIZATION_LEVEL = "-Onone";
			};
			name = Debug;
		};
		849158C32986E24200368BAE /* Release */ = {
			isa = XCBuildConfiguration;
			buildSettings = {
				ALWAYS_SEARCH_USER_PATHS = NO;
				CLANG_ANALYZER_NONNULL = YES;
				CLANG_ANALYZER_NUMBER_OBJECT_CONVERSION = YES_AGGRESSIVE;
				CLANG_CXX_LANGUAGE_STANDARD = "gnu++20";
				CLANG_ENABLE_MODULES = YES;
				CLANG_ENABLE_OBJC_ARC = YES;
				CLANG_ENABLE_OBJC_WEAK = YES;
				CLANG_WARN_BLOCK_CAPTURE_AUTORELEASING = YES;
				CLANG_WARN_BOOL_CONVERSION = YES;
				CLANG_WARN_COMMA = YES;
				CLANG_WARN_CONSTANT_CONVERSION = YES;
				CLANG_WARN_DEPRECATED_OBJC_IMPLEMENTATIONS = YES;
				CLANG_WARN_DIRECT_OBJC_ISA_USAGE = YES_ERROR;
				CLANG_WARN_DOCUMENTATION_COMMENTS = YES;
				CLANG_WARN_EMPTY_BODY = YES;
				CLANG_WARN_ENUM_CONVERSION = YES;
				CLANG_WARN_INFINITE_RECURSION = YES;
				CLANG_WARN_INT_CONVERSION = YES;
				CLANG_WARN_NON_LITERAL_NULL_CONVERSION = YES;
				CLANG_WARN_OBJC_IMPLICIT_RETAIN_SELF = YES;
				CLANG_WARN_OBJC_LITERAL_CONVERSION = YES;
				CLANG_WARN_OBJC_ROOT_CLASS = YES_ERROR;
				CLANG_WARN_QUOTED_INCLUDE_IN_FRAMEWORK_HEADER = YES;
				CLANG_WARN_RANGE_LOOP_ANALYSIS = YES;
				CLANG_WARN_STRICT_PROTOTYPES = YES;
				CLANG_WARN_SUSPICIOUS_MOVE = YES;
				CLANG_WARN_UNGUARDED_AVAILABILITY = YES_AGGRESSIVE;
				CLANG_WARN_UNREACHABLE_CODE = YES;
				CLANG_WARN__DUPLICATE_METHOD_MATCH = YES;
				COPY_PHASE_STRIP = NO;
				DEBUG_INFORMATION_FORMAT = "dwarf-with-dsym";
				ENABLE_NS_ASSERTIONS = NO;
				ENABLE_STRICT_OBJC_MSGSEND = YES;
				GCC_C_LANGUAGE_STANDARD = gnu11;
				GCC_NO_COMMON_BLOCKS = YES;
				GCC_WARN_64_TO_32_BIT_CONVERSION = YES;
				GCC_WARN_ABOUT_RETURN_TYPE = YES_ERROR;
				GCC_WARN_UNDECLARED_SELECTOR = YES;
				GCC_WARN_UNINITIALIZED_AUTOS = YES_AGGRESSIVE;
				GCC_WARN_UNUSED_FUNCTION = YES;
				GCC_WARN_UNUSED_VARIABLE = YES;
				IPHONEOS_DEPLOYMENT_TARGET = 16.2;
				MTL_ENABLE_DEBUG_INFO = NO;
				MTL_FAST_MATH = YES;
				SDKROOT = iphoneos;
				SWIFT_COMPILATION_MODE = wholemodule;
				SWIFT_OPTIMIZATION_LEVEL = "-O";
				VALIDATE_PRODUCT = YES;
			};
			name = Release;
		};
		849158C52986E24200368BAE /* Debug */ = {
			isa = XCBuildConfiguration;
			buildSettings = {
				ASSETCATALOG_COMPILER_APPICON_NAME = AppIcon;
				ASSETCATALOG_COMPILER_GLOBAL_ACCENT_COLOR_NAME = AccentColor;
				CODE_SIGN_STYLE = Automatic;
				CURRENT_PROJECT_VERSION = 1;
				GENERATE_INFOPLIST_FILE = YES;
				INFOPLIST_FILE = HaHdevSchool/Utils/Info.plist;
				INFOPLIST_KEY_UIApplicationSupportsIndirectInputEvents = YES;
				INFOPLIST_KEY_UILaunchStoryboardName = LaunchScreen;
				INFOPLIST_KEY_UIMainStoryboardFile = "";
				INFOPLIST_KEY_UISupportedInterfaceOrientations_iPad = "UIInterfaceOrientationPortrait UIInterfaceOrientationPortraitUpsideDown UIInterfaceOrientationLandscapeLeft UIInterfaceOrientationLandscapeRight";
				INFOPLIST_KEY_UISupportedInterfaceOrientations_iPhone = "UIInterfaceOrientationPortrait UIInterfaceOrientationLandscapeLeft UIInterfaceOrientationLandscapeRight";
				IPHONEOS_DEPLOYMENT_TARGET = 13.0;
				LD_RUNPATH_SEARCH_PATHS = (
					"$(inherited)",
					"@executable_path/Frameworks",
				);
				MARKETING_VERSION = 1.0;
				PRODUCT_BUNDLE_IDENTIFIER = s3lfcode.HaHdevSchool;
				PRODUCT_NAME = "$(TARGET_NAME)";
				SUPPORTED_PLATFORMS = "iphoneos iphonesimulator";
				SUPPORTS_MACCATALYST = NO;
				SUPPORTS_MAC_DESIGNED_FOR_IPHONE_IPAD = NO;
				SWIFT_EMIT_LOC_STRINGS = YES;
				SWIFT_VERSION = 5.0;
				TARGETED_DEVICE_FAMILY = 1;
			};
			name = Debug;
		};
		849158C62986E24200368BAE /* Release */ = {
			isa = XCBuildConfiguration;
			buildSettings = {
				ASSETCATALOG_COMPILER_APPICON_NAME = AppIcon;
				ASSETCATALOG_COMPILER_GLOBAL_ACCENT_COLOR_NAME = AccentColor;
				CODE_SIGN_STYLE = Automatic;
				CURRENT_PROJECT_VERSION = 1;
				GENERATE_INFOPLIST_FILE = YES;
				INFOPLIST_FILE = HaHdevSchool/Utils/Info.plist;
				INFOPLIST_KEY_UIApplicationSupportsIndirectInputEvents = YES;
				INFOPLIST_KEY_UILaunchStoryboardName = LaunchScreen;
				INFOPLIST_KEY_UIMainStoryboardFile = "";
				INFOPLIST_KEY_UISupportedInterfaceOrientations_iPad = "UIInterfaceOrientationPortrait UIInterfaceOrientationPortraitUpsideDown UIInterfaceOrientationLandscapeLeft UIInterfaceOrientationLandscapeRight";
				INFOPLIST_KEY_UISupportedInterfaceOrientations_iPhone = "UIInterfaceOrientationPortrait UIInterfaceOrientationLandscapeLeft UIInterfaceOrientationLandscapeRight";
				IPHONEOS_DEPLOYMENT_TARGET = 13.0;
				LD_RUNPATH_SEARCH_PATHS = (
					"$(inherited)",
					"@executable_path/Frameworks",
				);
				MARKETING_VERSION = 1.0;
				PRODUCT_BUNDLE_IDENTIFIER = s3lfcode.HaHdevSchool;
				PRODUCT_NAME = "$(TARGET_NAME)";
				SUPPORTED_PLATFORMS = "iphoneos iphonesimulator";
				SUPPORTS_MACCATALYST = NO;
				SUPPORTS_MAC_DESIGNED_FOR_IPHONE_IPAD = NO;
				SWIFT_EMIT_LOC_STRINGS = YES;
				SWIFT_VERSION = 5.0;
				TARGETED_DEVICE_FAMILY = 1;
			};
			name = Release;
		};
/* End XCBuildConfiguration section */

/* Begin XCConfigurationList section */
		849158AB2986E24000368BAE /* Build configuration list for PBXProject "HaHdevSchool" */ = {
			isa = XCConfigurationList;
			buildConfigurations = (
				849158C22986E24200368BAE /* Debug */,
				849158C32986E24200368BAE /* Release */,
			);
			defaultConfigurationIsVisible = 0;
			defaultConfigurationName = Release;
		};
		849158C42986E24200368BAE /* Build configuration list for PBXNativeTarget "HaHdevSchool" */ = {
			isa = XCConfigurationList;
			buildConfigurations = (
				849158C52986E24200368BAE /* Debug */,
				849158C62986E24200368BAE /* Release */,
			);
			defaultConfigurationIsVisible = 0;
			defaultConfigurationName = Release;
		};
/* End XCConfigurationList section */
	};
	rootObject = 849158A82986E24000368BAE /* Project object */;
}
